
Microsoft Visual Studio Solution File, Format Version 12.00
# Visual Studio Version 17
VisualStudioVersion = 17.1.32104.313
MinimumVisualStudioVersion = 10.0.40219.1
Project("{FAE04EC0-301F-11D3-BF4B-00C04F79EFBC}") = "DiffingApi", "DiffingApi\DiffingApi.csproj", "{0A9AC3B6-7767-4AA7-A63C-4ADFB22CC747}"
EndProject
Project("{FAE04EC0-301F-11D3-BF4B-00C04F79EFBC}") = "Application", "Application\Application.csproj", "{9E669F8E-1A91-4B49-971C-A9E2B8A95AF5}"
EndProject
Project("{FAE04EC0-301F-11D3-BF4B-00C04F79EFBC}") = "Common", "Common\Common.csproj", "{FB875119-3FC6-4A2A-BBFD-B1ED52A65DF4}"
EndProject
Global
	GlobalSection(SolutionConfigurationPlatforms) = preSolution
		Debug|Any CPU = Debug|Any CPU
		Release|Any CPU = Release|Any CPU
	EndGlobalSection
	GlobalSection(ProjectConfigurationPlatforms) = postSolution
		{0A9AC3B6-7767-4AA7-A63C-4ADFB22CC747}.Debug|Any CPU.ActiveCfg = Debug|Any CPU
		{0A9AC3B6-7767-4AA7-A63C-4ADFB22CC747}.Debug|Any CPU.Build.0 = Debug|Any CPU
		{0A9AC3B6-7767-4AA7-A63C-4ADFB22CC747}.Release|Any CPU.ActiveCfg = Release|Any CPU
		{0A9AC3B6-7767-4AA7-A63C-4ADFB22CC747}.Release|Any CPU.Build.0 = Release|Any CPU
		{9E669F8E-1A91-4B49-971C-A9E2B8A95AF5}.Debug|Any CPU.ActiveCfg = Debug|Any CPU
		{9E669F8E-1A91-4B49-971C-A9E2B8A95AF5}.Debug|Any CPU.Build.0 = Debug|Any CPU
		{9E669F8E-1A91-4B49-971C-A9E2B8A95AF5}.Release|Any CPU.ActiveCfg = Release|Any CPU
		{9E669F8E-1A91-4B49-971C-A9E2B8A95AF5}.Release|Any CPU.Build.0 = Release|Any CPU
		{FB875119-3FC6-4A2A-BBFD-B1ED52A65DF4}.Debug|Any CPU.ActiveCfg = Debug|Any CPU
		{FB875119-3FC6-4A2A-BBFD-B1ED52A65DF4}.Debug|Any CPU.Build.0 = Debug|Any CPU
		{FB875119-3FC6-4A2A-BBFD-B1ED52A65DF4}.Release|Any CPU.ActiveCfg = Release|Any CPU
		{FB875119-3FC6-4A2A-BBFD-B1ED52A65DF4}.Release|Any CPU.Build.0 = Release|Any CPU
	EndGlobalSection
	GlobalSection(SolutionProperties) = preSolution
		HideSolutionNode = FALSE
	EndGlobalSection
	GlobalSection(ExtensibilityGlobals) = postSolution
		SolutionGuid = {880931AF-B03D-451F-AA3D-DE6BA9A0E16D}
	EndGlobalSection
EndGlobal
